
Microsoft Visual Studio Solution File, Format Version 12.00
# Visual Studio Version 16
VisualStudioVersion = 16.0.30320.27
MinimumVisualStudioVersion = 10.0.40219.1
Project("{9A19103F-16F7-4668-BE54-9A1E7A4F7556}") = "HW2020-04-29EFQuestionsAnswers", "HW 2020-04-29 EFQuestionsAnswers\HW2020-04-29EFQuestionsAnswers.csproj", "{72705619-8CA4-4F8E-B03A-C2C64E5A5E0F}"
EndProject
Project("{9A19103F-16F7-4668-BE54-9A1E7A4F7556}") = "EFQuestionAnswers.data", "EFQuestionAnswers.data\EFQuestionAnswers.data.csproj", "{EC0E1F56-6D98-49ED-A681-E5229DE1739B}"
EndProject
Global
	GlobalSection(SolutionConfigurationPlatforms) = preSolution
		Debug|Any CPU = Debug|Any CPU
		Release|Any CPU = Release|Any CPU
	EndGlobalSection
	GlobalSection(ProjectConfigurationPlatforms) = postSolution
		{72705619-8CA4-4F8E-B03A-C2C64E5A5E0F}.Debug|Any CPU.ActiveCfg = Debug|Any CPU
		{72705619-8CA4-4F8E-B03A-C2C64E5A5E0F}.Debug|Any CPU.Build.0 = Debug|Any CPU
		{72705619-8CA4-4F8E-B03A-C2C64E5A5E0F}.Release|Any CPU.ActiveCfg = Release|Any CPU
		{72705619-8CA4-4F8E-B03A-C2C64E5A5E0F}.Release|Any CPU.Build.0 = Release|Any CPU
		{EC0E1F56-6D98-49ED-A681-E5229DE1739B}.Debug|Any CPU.ActiveCfg = Debug|Any CPU
		{EC0E1F56-6D98-49ED-A681-E5229DE1739B}.Debug|Any CPU.Build.0 = Debug|Any CPU
		{EC0E1F56-6D98-49ED-A681-E5229DE1739B}.Release|Any CPU.ActiveCfg = Release|Any CPU
		{EC0E1F56-6D98-49ED-A681-E5229DE1739B}.Release|Any CPU.Build.0 = Release|Any CPU
	EndGlobalSection
	GlobalSection(SolutionProperties) = preSolution
		HideSolutionNode = FALSE
	EndGlobalSection
	GlobalSection(ExtensibilityGlobals) = postSolution
		SolutionGuid = {5EC387D1-E37B-4F63-A2FA-AC6EDE5C8EEB}
	EndGlobalSection
EndGlobal
